
Microsoft Visual Studio Solution File, Format Version 12.00
# Visual Studio Version 16
VisualStudioVersion = 16.0.30413.136
MinimumVisualStudioVersion = 10.0.40219.1
Project("{9A19103F-16F7-4668-BE54-9A1E7A4F7556}") = "RestApi", "RestApi\RestApi.csproj", "{43488FF9-1899-47F2-AAC1-94B4208E9E7C}"
EndProject
Project("{9A19103F-16F7-4668-BE54-9A1E7A4F7556}") = "Business", "Business\Business.csproj", "{4FCEEF48-C945-4B31-AF2B-CEB3A54D0B75}"
EndProject
Project("{9A19103F-16F7-4668-BE54-9A1E7A4F7556}") = "Architecture", "Architecture\Architecture.csproj", "{FF35F2CA-EF9E-4D32-BBEA-40039B0CCFD9}"
EndProject
Project("{9A19103F-16F7-4668-BE54-9A1E7A4F7556}") = "Repositories", "Repositories\Repositories.csproj", "{A9B91B8F-4982-4EF2-8B46-AE3E1747A32B}"
EndProject
Project("{9A19103F-16F7-4668-BE54-9A1E7A4F7556}") = "Services", "Services\Services.csproj", "{5EA48981-CD6A-4D16-AE76-CF691E61558E}"
EndProject
Project("{2150E333-8FDC-42A3-9474-1A3956D46DE8}") = "Solution Items", "Solution Items", "{9BE275AE-E7A5-4563-A619-32DD249F46D4}"
	ProjectSection(SolutionItems) = preProject
		.dockerignore = .dockerignore
		docker-compose.yml = docker-compose.yml
		Dockerfile = Dockerfile
		Makefile = Makefile
	EndProjectSection
EndProject
Project("{9A19103F-16F7-4668-BE54-9A1E7A4F7556}") = "Seed", "Seed\Seed.csproj", "{CD5C2EAE-AABD-4881-A1C5-9B637558D56F}"
EndProject
Project("{9A19103F-16F7-4668-BE54-9A1E7A4F7556}") = "Tests", "Tests\Tests.csproj", "{ADE8CE84-E17D-491D-B443-22539AF48F71}"
EndProject
Project("{9A19103F-16F7-4668-BE54-9A1E7A4F7556}") = "SendMessageKafka", "SendMessageKafka\SendMessageKafka.csproj", "{B2F2AD3E-4860-48D6-BF0E-7F6E548EA68A}"
EndProject
Project("{9A19103F-16F7-4668-BE54-9A1E7A4F7556}") = "ConsumerKafka", "ConsumerKafka\ConsumerKafka.csproj", "{3DA1C6C4-573E-47AD-B031-D8E36801771F}"
EndProject
Project("{9A19103F-16F7-4668-BE54-9A1E7A4F7556}") = "GraphQL", "GraphQL\GraphQL.csproj", "{33DCFD25-F57C-40F4-BC89-A4D029126125}"
EndProject
Global
	GlobalSection(SolutionConfigurationPlatforms) = preSolution
		Debug|Any CPU = Debug|Any CPU
		Release|Any CPU = Release|Any CPU
	EndGlobalSection
	GlobalSection(ProjectConfigurationPlatforms) = postSolution
		{43488FF9-1899-47F2-AAC1-94B4208E9E7C}.Debug|Any CPU.ActiveCfg = Debug|Any CPU
		{43488FF9-1899-47F2-AAC1-94B4208E9E7C}.Debug|Any CPU.Build.0 = Debug|Any CPU
		{43488FF9-1899-47F2-AAC1-94B4208E9E7C}.Release|Any CPU.ActiveCfg = Release|Any CPU
		{43488FF9-1899-47F2-AAC1-94B4208E9E7C}.Release|Any CPU.Build.0 = Release|Any CPU
		{4FCEEF48-C945-4B31-AF2B-CEB3A54D0B75}.Debug|Any CPU.ActiveCfg = Debug|Any CPU
		{4FCEEF48-C945-4B31-AF2B-CEB3A54D0B75}.Debug|Any CPU.Build.0 = Debug|Any CPU
		{4FCEEF48-C945-4B31-AF2B-CEB3A54D0B75}.Release|Any CPU.ActiveCfg = Release|Any CPU
		{4FCEEF48-C945-4B31-AF2B-CEB3A54D0B75}.Release|Any CPU.Build.0 = Release|Any CPU
		{FF35F2CA-EF9E-4D32-BBEA-40039B0CCFD9}.Debug|Any CPU.ActiveCfg = Debug|Any CPU
		{FF35F2CA-EF9E-4D32-BBEA-40039B0CCFD9}.Debug|Any CPU.Build.0 = Debug|Any CPU
		{FF35F2CA-EF9E-4D32-BBEA-40039B0CCFD9}.Release|Any CPU.ActiveCfg = Release|Any CPU
		{FF35F2CA-EF9E-4D32-BBEA-40039B0CCFD9}.Release|Any CPU.Build.0 = Release|Any CPU
		{A9B91B8F-4982-4EF2-8B46-AE3E1747A32B}.Debug|Any CPU.ActiveCfg = Debug|Any CPU
		{A9B91B8F-4982-4EF2-8B46-AE3E1747A32B}.Debug|Any CPU.Build.0 = Debug|Any CPU
		{A9B91B8F-4982-4EF2-8B46-AE3E1747A32B}.Release|Any CPU.ActiveCfg = Release|Any CPU
		{A9B91B8F-4982-4EF2-8B46-AE3E1747A32B}.Release|Any CPU.Build.0 = Release|Any CPU
		{5EA48981-CD6A-4D16-AE76-CF691E61558E}.Debug|Any CPU.ActiveCfg = Debug|Any CPU
		{5EA48981-CD6A-4D16-AE76-CF691E61558E}.Debug|Any CPU.Build.0 = Debug|Any CPU
		{5EA48981-CD6A-4D16-AE76-CF691E61558E}.Release|Any CPU.ActiveCfg = Release|Any CPU
		{5EA48981-CD6A-4D16-AE76-CF691E61558E}.Release|Any CPU.Build.0 = Release|Any CPU
		{CD5C2EAE-AABD-4881-A1C5-9B637558D56F}.Debug|Any CPU.ActiveCfg = Debug|Any CPU
		{CD5C2EAE-AABD-4881-A1C5-9B637558D56F}.Debug|Any CPU.Build.0 = Debug|Any CPU
		{CD5C2EAE-AABD-4881-A1C5-9B637558D56F}.Release|Any CPU.ActiveCfg = Release|Any CPU
		{CD5C2EAE-AABD-4881-A1C5-9B637558D56F}.Release|Any CPU.Build.0 = Release|Any CPU
		{ADE8CE84-E17D-491D-B443-22539AF48F71}.Debug|Any CPU.ActiveCfg = Debug|Any CPU
		{ADE8CE84-E17D-491D-B443-22539AF48F71}.Debug|Any CPU.Build.0 = Debug|Any CPU
		{ADE8CE84-E17D-491D-B443-22539AF48F71}.Release|Any CPU.ActiveCfg = Release|Any CPU
		{ADE8CE84-E17D-491D-B443-22539AF48F71}.Release|Any CPU.Build.0 = Release|Any CPU
		{B2F2AD3E-4860-48D6-BF0E-7F6E548EA68A}.Debug|Any CPU.ActiveCfg = Debug|Any CPU
		{B2F2AD3E-4860-48D6-BF0E-7F6E548EA68A}.Debug|Any CPU.Build.0 = Debug|Any CPU
		{B2F2AD3E-4860-48D6-BF0E-7F6E548EA68A}.Release|Any CPU.ActiveCfg = Release|Any CPU
		{B2F2AD3E-4860-48D6-BF0E-7F6E548EA68A}.Release|Any CPU.Build.0 = Release|Any CPU
		{3DA1C6C4-573E-47AD-B031-D8E36801771F}.Debug|Any CPU.ActiveCfg = Debug|Any CPU
		{3DA1C6C4-573E-47AD-B031-D8E36801771F}.Debug|Any CPU.Build.0 = Debug|Any CPU
		{3DA1C6C4-573E-47AD-B031-D8E36801771F}.Release|Any CPU.ActiveCfg = Release|Any CPU
		{3DA1C6C4-573E-47AD-B031-D8E36801771F}.Release|Any CPU.Build.0 = Release|Any CPU
		{33DCFD25-F57C-40F4-BC89-A4D029126125}.Debug|Any CPU.ActiveCfg = Debug|Any CPU
		{33DCFD25-F57C-40F4-BC89-A4D029126125}.Debug|Any CPU.Build.0 = Debug|Any CPU
		{33DCFD25-F57C-40F4-BC89-A4D029126125}.Release|Any CPU.ActiveCfg = Release|Any CPU
		{33DCFD25-F57C-40F4-BC89-A4D029126125}.Release|Any CPU.Build.0 = Release|Any CPU
	EndGlobalSection
	GlobalSection(SolutionProperties) = preSolution
		HideSolutionNode = FALSE
	EndGlobalSection
	GlobalSection(ExtensibilityGlobals) = postSolution
		SolutionGuid = {ACF624A4-F497-46E9-8F89-148D5C1664B0}
	EndGlobalSection
EndGlobal
